
Microsoft Visual Studio Solution File, Format Version 12.00
# Visual Studio Version 17
VisualStudioVersion = 17.9.34723.18
MinimumVisualStudioVersion = 10.0.40219.1
Project("{F184B08F-C81C-45F6-A57F-5ABD9991F28F}") = "inoTestBuild", "inoTestBuild\inoTestBuild.vbproj", "{70BA5A11-D597-4AFF-881F-632A073C8840}"
EndProject
Project("{F184B08F-C81C-45F6-A57F-5ABD9991F28F}") = "inoTestBuildDLL", "inoTestBuildDLL\inoTestBuildDLL.vbproj", "{F966EF23-5CC7-4B04-BAAA-9A3FE8A1B4A1}"
EndProject
Project("{F184B08F-C81C-45F6-A57F-5ABD9991F28F}") = "TestInoBuild", "TestInoBuild\TestInoBuild.vbproj", "{6DFB4007-420B-4314-A2EC-CBAD883F4398}"
EndProject
Project("{C7167F0D-BC9F-4E6E-AFE1-012C56B48DB5}") = "inoTestBuildPackaging", "inoTestBuildPackaging\inoTestBuildPackaging.wapproj", "{0E2A5A31-4B06-4107-9B70-86324D6452A9}"
EndProject
Global
	GlobalSection(SolutionConfigurationPlatforms) = preSolution
		Debug|Any CPU = Debug|Any CPU
		Debug|ARM = Debug|ARM
		Debug|ARM64 = Debug|ARM64
		Debug|x64 = Debug|x64
		Debug|x86 = Debug|x86
		Release|Any CPU = Release|Any CPU
		Release|ARM = Release|ARM
		Release|ARM64 = Release|ARM64
		Release|x64 = Release|x64
		Release|x86 = Release|x86
	EndGlobalSection
	GlobalSection(ProjectConfigurationPlatforms) = postSolution
		{70BA5A11-D597-4AFF-881F-632A073C8840}.Debug|Any CPU.ActiveCfg = Debug|Any CPU
		{70BA5A11-D597-4AFF-881F-632A073C8840}.Debug|Any CPU.Build.0 = Debug|Any CPU
		{70BA5A11-D597-4AFF-881F-632A073C8840}.Debug|ARM.ActiveCfg = Debug|Any CPU
		{70BA5A11-D597-4AFF-881F-632A073C8840}.Debug|ARM.Build.0 = Debug|Any CPU
		{70BA5A11-D597-4AFF-881F-632A073C8840}.Debug|ARM64.ActiveCfg = Debug|Any CPU
		{70BA5A11-D597-4AFF-881F-632A073C8840}.Debug|ARM64.Build.0 = Debug|Any CPU
		{70BA5A11-D597-4AFF-881F-632A073C8840}.Debug|x64.ActiveCfg = Debug|Any CPU
		{70BA5A11-D597-4AFF-881F-632A073C8840}.Debug|x64.Build.0 = Debug|Any CPU
		{70BA5A11-D597-4AFF-881F-632A073C8840}.Debug|x86.ActiveCfg = Debug|Any CPU
		{70BA5A11-D597-4AFF-881F-632A073C8840}.Debug|x86.Build.0 = Debug|Any CPU
		{70BA5A11-D597-4AFF-881F-632A073C8840}.Release|Any CPU.ActiveCfg = Release|Any CPU
		{70BA5A11-D597-4AFF-881F-632A073C8840}.Release|Any CPU.Build.0 = Release|Any CPU
		{70BA5A11-D597-4AFF-881F-632A073C8840}.Release|ARM.ActiveCfg = Release|Any CPU
		{70BA5A11-D597-4AFF-881F-632A073C8840}.Release|ARM.Build.0 = Release|Any CPU
		{70BA5A11-D597-4AFF-881F-632A073C8840}.Release|ARM64.ActiveCfg = Release|Any CPU
		{70BA5A11-D597-4AFF-881F-632A073C8840}.Release|ARM64.Build.0 = Release|Any CPU
		{70BA5A11-D597-4AFF-881F-632A073C8840}.Release|x64.ActiveCfg = Release|Any CPU
		{70BA5A11-D597-4AFF-881F-632A073C8840}.Release|x64.Build.0 = Release|Any CPU
		{70BA5A11-D597-4AFF-881F-632A073C8840}.Release|x86.ActiveCfg = Release|Any CPU
		{70BA5A11-D597-4AFF-881F-632A073C8840}.Release|x86.Build.0 = Release|Any CPU
		{F966EF23-5CC7-4B04-BAAA-9A3FE8A1B4A1}.Debug|Any CPU.ActiveCfg = Debug|Any CPU
		{F966EF23-5CC7-4B04-BAAA-9A3FE8A1B4A1}.Debug|Any CPU.Build.0 = Debug|Any CPU
		{F966EF23-5CC7-4B04-BAAA-9A3FE8A1B4A1}.Debug|ARM.ActiveCfg = Debug|Any CPU
		{F966EF23-5CC7-4B04-BAAA-9A3FE8A1B4A1}.Debug|ARM.Build.0 = Debug|Any CPU
		{F966EF23-5CC7-4B04-BAAA-9A3FE8A1B4A1}.Debug|ARM64.ActiveCfg = Debug|Any CPU
		{F966EF23-5CC7-4B04-BAAA-9A3FE8A1B4A1}.Debug|ARM64.Build.0 = Debug|Any CPU
		{F966EF23-5CC7-4B04-BAAA-9A3FE8A1B4A1}.Debug|x64.ActiveCfg = Debug|Any CPU
		{F966EF23-5CC7-4B04-BAAA-9A3FE8A1B4A1}.Debug|x64.Build.0 = Debug|Any CPU
		{F966EF23-5CC7-4B04-BAAA-9A3FE8A1B4A1}.Debug|x86.ActiveCfg = Debug|Any CPU
		{F966EF23-5CC7-4B04-BAAA-9A3FE8A1B4A1}.Debug|x86.Build.0 = Debug|Any CPU
		{F966EF23-5CC7-4B04-BAAA-9A3FE8A1B4A1}.Release|Any CPU.ActiveCfg = Release|Any CPU
		{F966EF23-5CC7-4B04-BAAA-9A3FE8A1B4A1}.Release|Any CPU.Build.0 = Release|Any CPU
		{F966EF23-5CC7-4B04-BAAA-9A3FE8A1B4A1}.Release|ARM.ActiveCfg = Release|Any CPU
		{F966EF23-5CC7-4B04-BAAA-9A3FE8A1B4A1}.Release|ARM.Build.0 = Release|Any CPU
		{F966EF23-5CC7-4B04-BAAA-9A3FE8A1B4A1}.Release|ARM64.ActiveCfg = Release|Any CPU
		{F966EF23-5CC7-4B04-BAAA-9A3FE8A1B4A1}.Release|ARM64.Build.0 = Release|Any CPU
		{F966EF23-5CC7-4B04-BAAA-9A3FE8A1B4A1}.Release|x64.ActiveCfg = Release|Any CPU
		{F966EF23-5CC7-4B04-BAAA-9A3FE8A1B4A1}.Release|x64.Build.0 = Release|Any CPU
		{F966EF23-5CC7-4B04-BAAA-9A3FE8A1B4A1}.Release|x86.ActiveCfg = Release|Any CPU
		{F966EF23-5CC7-4B04-BAAA-9A3FE8A1B4A1}.Release|x86.Build.0 = Release|Any CPU
		{6DFB4007-420B-4314-A2EC-CBAD883F4398}.Debug|Any CPU.ActiveCfg = Debug|Any CPU
		{6DFB4007-420B-4314-A2EC-CBAD883F4398}.Debug|Any CPU.Build.0 = Debug|Any CPU
		{6DFB4007-420B-4314-A2EC-CBAD883F4398}.Debug|ARM.ActiveCfg = Debug|Any CPU
		{6DFB4007-420B-4314-A2EC-CBAD883F4398}.Debug|ARM.Build.0 = Debug|Any CPU
		{6DFB4007-420B-4314-A2EC-CBAD883F4398}.Debug|ARM64.ActiveCfg = Debug|Any CPU
		{6DFB4007-420B-4314-A2EC-CBAD883F4398}.Debug|ARM64.Build.0 = Debug|Any CPU
		{6DFB4007-420B-4314-A2EC-CBAD883F4398}.Debug|x64.ActiveCfg = Debug|Any CPU
		{6DFB4007-420B-4314-A2EC-CBAD883F4398}.Debug|x64.Build.0 = Debug|Any CPU
		{6DFB4007-420B-4314-A2EC-CBAD883F4398}.Debug|x86.ActiveCfg = Debug|Any CPU
		{6DFB4007-420B-4314-A2EC-CBAD883F4398}.Debug|x86.Build.0 = Debug|Any CPU
		{6DFB4007-420B-4314-A2EC-CBAD883F4398}.Release|Any CPU.ActiveCfg = Release|Any CPU
		{6DFB4007-420B-4314-A2EC-CBAD883F4398}.Release|Any CPU.Build.0 = Release|Any CPU
		{6DFB4007-420B-4314-A2EC-CBAD883F4398}.Release|ARM.ActiveCfg = Release|Any CPU
		{6DFB4007-420B-4314-A2EC-CBAD883F4398}.Release|ARM.Build.0 = Release|Any CPU
		{6DFB4007-420B-4314-A2EC-CBAD883F4398}.Release|ARM64.ActiveCfg = Release|Any CPU
		{6DFB4007-420B-4314-A2EC-CBAD883F4398}.Release|ARM64.Build.0 = Release|Any CPU
		{6DFB4007-420B-4314-A2EC-CBAD883F4398}.Release|x64.ActiveCfg = Release|Any CPU
		{6DFB4007-420B-4314-A2EC-CBAD883F4398}.Release|x64.Build.0 = Release|Any CPU
		{6DFB4007-420B-4314-A2EC-CBAD883F4398}.Release|x86.ActiveCfg = Release|Any CPU
		{6DFB4007-420B-4314-A2EC-CBAD883F4398}.Release|x86.Build.0 = Release|Any CPU
		{0E2A5A31-4B06-4107-9B70-86324D6452A9}.Debug|Any CPU.ActiveCfg = Debug|Any CPU
		{0E2A5A31-4B06-4107-9B70-86324D6452A9}.Debug|Any CPU.Build.0 = Debug|Any CPU
		{0E2A5A31-4B06-4107-9B70-86324D6452A9}.Debug|Any CPU.Deploy.0 = Debug|Any CPU
		{0E2A5A31-4B06-4107-9B70-86324D6452A9}.Debug|ARM.ActiveCfg = Debug|ARM
		{0E2A5A31-4B06-4107-9B70-86324D6452A9}.Debug|ARM.Build.0 = Debug|ARM
		{0E2A5A31-4B06-4107-9B70-86324D6452A9}.Debug|ARM.Deploy.0 = Debug|ARM
		{0E2A5A31-4B06-4107-9B70-86324D6452A9}.Debug|ARM64.ActiveCfg = Debug|ARM64
		{0E2A5A31-4B06-4107-9B70-86324D6452A9}.Debug|ARM64.Build.0 = Debug|ARM64
		{0E2A5A31-4B06-4107-9B70-86324D6452A9}.Debug|ARM64.Deploy.0 = Debug|ARM64
		{0E2A5A31-4B06-4107-9B70-86324D6452A9}.Debug|x64.ActiveCfg = Debug|x64
		{0E2A5A31-4B06-4107-9B70-86324D6452A9}.Debug|x64.Build.0 = Debug|x64
		{0E2A5A31-4B06-4107-9B70-86324D6452A9}.Debug|x64.Deploy.0 = Debug|x64
		{0E2A5A31-4B06-4107-9B70-86324D6452A9}.Debug|x86.ActiveCfg = Debug|x86
		{0E2A5A31-4B06-4107-9B70-86324D6452A9}.Debug|x86.Build.0 = Debug|x86
		{0E2A5A31-4B06-4107-9B70-86324D6452A9}.Debug|x86.Deploy.0 = Debug|x86
		{0E2A5A31-4B06-4107-9B70-86324D6452A9}.Release|Any CPU.ActiveCfg = Release|Any CPU
		{0E2A5A31-4B06-4107-9B70-86324D6452A9}.Release|Any CPU.Build.0 = Release|Any CPU
		{0E2A5A31-4B06-4107-9B70-86324D6452A9}.Release|Any CPU.Deploy.0 = Release|Any CPU
		{0E2A5A31-4B06-4107-9B70-86324D6452A9}.Release|ARM.ActiveCfg = Release|ARM
		{0E2A5A31-4B06-4107-9B70-86324D6452A9}.Release|ARM.Build.0 = Release|ARM
		{0E2A5A31-4B06-4107-9B70-86324D6452A9}.Release|ARM.Deploy.0 = Release|ARM
		{0E2A5A31-4B06-4107-9B70-86324D6452A9}.Release|ARM64.ActiveCfg = Release|ARM64
		{0E2A5A31-4B06-4107-9B70-86324D6452A9}.Release|ARM64.Build.0 = Release|ARM64
		{0E2A5A31-4B06-4107-9B70-86324D6452A9}.Release|ARM64.Deploy.0 = Release|ARM64
		{0E2A5A31-4B06-4107-9B70-86324D6452A9}.Release|x64.ActiveCfg = Release|x64
		{0E2A5A31-4B06-4107-9B70-86324D6452A9}.Release|x64.Build.0 = Release|x64
		{0E2A5A31-4B06-4107-9B70-86324D6452A9}.Release|x64.Deploy.0 = Release|x64
		{0E2A5A31-4B06-4107-9B70-86324D6452A9}.Release|x86.ActiveCfg = Release|x86
		{0E2A5A31-4B06-4107-9B70-86324D6452A9}.Release|x86.Build.0 = Release|x86
		{0E2A5A31-4B06-4107-9B70-86324D6452A9}.Release|x86.Deploy.0 = Release|x86
	EndGlobalSection
	GlobalSection(SolutionProperties) = preSolution
		HideSolutionNode = FALSE
	EndGlobalSection
	GlobalSection(ExtensibilityGlobals) = postSolution
		SolutionGuid = {1E986E00-4C44-4308-BE14-044C822AE87B}
	EndGlobalSection
EndGlobal
