
Microsoft Visual Studio Solution File, Format Version 12.00
# Visual Studio Version 17
VisualStudioVersion = 17.9.34723.18
MinimumVisualStudioVersion = 10.0.40219.1
Project("{F184B08F-C81C-45F6-A57F-5ABD9991F28F}") = "inoTestBuild", "inoTestBuild\inoTestBuild.vbproj", "{70BA5A11-D597-4AFF-881F-632A073C8840}"
EndProject
Project("{F184B08F-C81C-45F6-A57F-5ABD9991F28F}") = "inoTestBuildDLL", "inoTestBuildDLL\inoTestBuildDLL.vbproj", "{F966EF23-5CC7-4B04-BAAA-9A3FE8A1B4A1}"
EndProject
Project("{F184B08F-C81C-45F6-A57F-5ABD9991F28F}") = "TestInoBuild", "TestInoBuild\TestInoBuild.vbproj", "{6DFB4007-420B-4314-A2EC-CBAD883F4398}"
EndProject
Global
	GlobalSection(SolutionConfigurationPlatforms) = preSolution
		Debug|Any CPU = Debug|Any CPU
		Release|Any CPU = Release|Any CPU
	EndGlobalSection
	GlobalSection(ProjectConfigurationPlatforms) = postSolution
		{70BA5A11-D597-4AFF-881F-632A073C8840}.Debug|Any CPU.ActiveCfg = Debug|Any CPU
		{70BA5A11-D597-4AFF-881F-632A073C8840}.Debug|Any CPU.Build.0 = Debug|Any CPU
		{70BA5A11-D597-4AFF-881F-632A073C8840}.Release|Any CPU.ActiveCfg = Release|Any CPU
		{70BA5A11-D597-4AFF-881F-632A073C8840}.Release|Any CPU.Build.0 = Release|Any CPU
		{F966EF23-5CC7-4B04-BAAA-9A3FE8A1B4A1}.Debug|Any CPU.ActiveCfg = Debug|Any CPU
		{F966EF23-5CC7-4B04-BAAA-9A3FE8A1B4A1}.Debug|Any CPU.Build.0 = Debug|Any CPU
		{F966EF23-5CC7-4B04-BAAA-9A3FE8A1B4A1}.Release|Any CPU.ActiveCfg = Release|Any CPU
		{F966EF23-5CC7-4B04-BAAA-9A3FE8A1B4A1}.Release|Any CPU.Build.0 = Release|Any CPU
		{6DFB4007-420B-4314-A2EC-CBAD883F4398}.Debug|Any CPU.ActiveCfg = Debug|Any CPU
		{6DFB4007-420B-4314-A2EC-CBAD883F4398}.Debug|Any CPU.Build.0 = Debug|Any CPU
		{6DFB4007-420B-4314-A2EC-CBAD883F4398}.Release|Any CPU.ActiveCfg = Release|Any CPU
		{6DFB4007-420B-4314-A2EC-CBAD883F4398}.Release|Any CPU.Build.0 = Release|Any CPU
	EndGlobalSection
	GlobalSection(SolutionProperties) = preSolution
		HideSolutionNode = FALSE
	EndGlobalSection
	GlobalSection(ExtensibilityGlobals) = postSolution
		SolutionGuid = {1E986E00-4C44-4308-BE14-044C822AE87B}
	EndGlobalSection
EndGlobal
